
Microsoft Visual Studio Solution File, Format Version 12.00
# Visual Studio 15
VisualStudioVersion = 15.0.28307.852
MinimumVisualStudioVersion = 10.0.40219.1
Project("{FAE04EC0-301F-11D3-BF4B-00C04F79EFBC}") = "Sistema.Entidades", "Sistema.Entidades\Sistema.Entidades.csproj", "{A8DD5517-AEFF-4EFD-A271-499C1C1B5E56}"
EndProject
Project("{FAE04EC0-301F-11D3-BF4B-00C04F79EFBC}") = "Sistema.Datos", "Sistema.Datos\Sistema.Datos.csproj", "{72C5D9AB-C10E-456E-B171-209B4B1596A7}"
EndProject
Project("{FAE04EC0-301F-11D3-BF4B-00C04F79EFBC}") = "Sistema.Web", "Sistema.Web\Sistema.Web.csproj", "{9C67EAE4-EC80-45B8-91C7-760AEFE658CB}"
EndProject
Global
	GlobalSection(SolutionConfigurationPlatforms) = preSolution
		Debug|Any CPU = Debug|Any CPU
		Release|Any CPU = Release|Any CPU
	EndGlobalSection
	GlobalSection(ProjectConfigurationPlatforms) = postSolution
		{A8DD5517-AEFF-4EFD-A271-499C1C1B5E56}.Debug|Any CPU.ActiveCfg = Debug|Any CPU
		{A8DD5517-AEFF-4EFD-A271-499C1C1B5E56}.Debug|Any CPU.Build.0 = Debug|Any CPU
		{A8DD5517-AEFF-4EFD-A271-499C1C1B5E56}.Release|Any CPU.ActiveCfg = Release|Any CPU
		{A8DD5517-AEFF-4EFD-A271-499C1C1B5E56}.Release|Any CPU.Build.0 = Release|Any CPU
		{72C5D9AB-C10E-456E-B171-209B4B1596A7}.Debug|Any CPU.ActiveCfg = Debug|Any CPU
		{72C5D9AB-C10E-456E-B171-209B4B1596A7}.Debug|Any CPU.Build.0 = Debug|Any CPU
		{72C5D9AB-C10E-456E-B171-209B4B1596A7}.Release|Any CPU.ActiveCfg = Release|Any CPU
		{72C5D9AB-C10E-456E-B171-209B4B1596A7}.Release|Any CPU.Build.0 = Release|Any CPU
		{9C67EAE4-EC80-45B8-91C7-760AEFE658CB}.Debug|Any CPU.ActiveCfg = Debug|Any CPU
		{9C67EAE4-EC80-45B8-91C7-760AEFE658CB}.Debug|Any CPU.Build.0 = Debug|Any CPU
		{9C67EAE4-EC80-45B8-91C7-760AEFE658CB}.Release|Any CPU.ActiveCfg = Release|Any CPU
		{9C67EAE4-EC80-45B8-91C7-760AEFE658CB}.Release|Any CPU.Build.0 = Release|Any CPU
	EndGlobalSection
	GlobalSection(SolutionProperties) = preSolution
		HideSolutionNode = FALSE
	EndGlobalSection
	GlobalSection(ExtensibilityGlobals) = postSolution
		SolutionGuid = {2E1002C4-D6A5-4883-9DD5-7C22B5D21DC4}
	EndGlobalSection
EndGlobal
